
Microsoft Visual Studio Solution File, Format Version 12.00
# Visual Studio 15
Project("{FAE04EC0-301F-11D3-BF4B-00C04F79EFBC}") = "Xamarin.Yammer.Android", "Xamarin.Yammer.Android\Xamarin.Yammer.Android.csproj", "{071D1516-847E-45B8-9A00-2BC731AA8F96}"
EndProject
Project("{FAE04EC0-301F-11D3-BF4B-00C04F79EFBC}") = "Xamarin.Yammer.iOS", "Xamarin.Yammer.iOS\Xamarin.Yammer.iOS.csproj", "{05F4D27E-4D18-4665-926C-59C6FABAAC0A}"
EndProject
Project("{FAE04EC0-301F-11D3-BF4B-00C04F79EFBC}") = "Xamarin.Yammer", "Xamarin.Yammer\Xamarin.Yammer.csproj", "{51D56B70-69FA-4773-AFF6-C15CBB5E869C}"
EndProject
Global
	GlobalSection(SolutionConfigurationPlatforms) = preSolution
		Debug|Any CPU = Debug|Any CPU
		Release|Any CPU = Release|Any CPU
		Debug|iPhoneSimulator = Debug|iPhoneSimulator
		Release|iPhoneSimulator = Release|iPhoneSimulator
		Debug|iPhone = Debug|iPhone
		Release|iPhone = Release|iPhone
	EndGlobalSection
	GlobalSection(ProjectConfigurationPlatforms) = postSolution
		{071D1516-847E-45B8-9A00-2BC731AA8F96}.Debug|Any CPU.ActiveCfg = Debug|Any CPU
		{071D1516-847E-45B8-9A00-2BC731AA8F96}.Debug|Any CPU.Build.0 = Debug|Any CPU
		{071D1516-847E-45B8-9A00-2BC731AA8F96}.Release|Any CPU.ActiveCfg = Release|Any CPU
		{071D1516-847E-45B8-9A00-2BC731AA8F96}.Release|Any CPU.Build.0 = Release|Any CPU
		{071D1516-847E-45B8-9A00-2BC731AA8F96}.Debug|iPhoneSimulator.ActiveCfg = Debug|Any CPU
		{071D1516-847E-45B8-9A00-2BC731AA8F96}.Debug|iPhoneSimulator.Build.0 = Debug|Any CPU
		{071D1516-847E-45B8-9A00-2BC731AA8F96}.Release|iPhoneSimulator.ActiveCfg = Release|Any CPU
		{071D1516-847E-45B8-9A00-2BC731AA8F96}.Release|iPhoneSimulator.Build.0 = Release|Any CPU
		{071D1516-847E-45B8-9A00-2BC731AA8F96}.Debug|iPhone.ActiveCfg = Debug|Any CPU
		{071D1516-847E-45B8-9A00-2BC731AA8F96}.Debug|iPhone.Build.0 = Debug|Any CPU
		{071D1516-847E-45B8-9A00-2BC731AA8F96}.Release|iPhone.ActiveCfg = Release|Any CPU
		{071D1516-847E-45B8-9A00-2BC731AA8F96}.Release|iPhone.Build.0 = Release|Any CPU
		{05F4D27E-4D18-4665-926C-59C6FABAAC0A}.Debug|Any CPU.ActiveCfg = Debug|iPhoneSimulator
		{05F4D27E-4D18-4665-926C-59C6FABAAC0A}.Debug|Any CPU.Build.0 = Debug|iPhoneSimulator
		{05F4D27E-4D18-4665-926C-59C6FABAAC0A}.Release|Any CPU.ActiveCfg = Release|iPhoneSimulator
		{05F4D27E-4D18-4665-926C-59C6FABAAC0A}.Release|Any CPU.Build.0 = Release|iPhoneSimulator
		{05F4D27E-4D18-4665-926C-59C6FABAAC0A}.Debug|iPhoneSimulator.ActiveCfg = Debug|iPhoneSimulator
		{05F4D27E-4D18-4665-926C-59C6FABAAC0A}.Debug|iPhoneSimulator.Build.0 = Debug|iPhoneSimulator
		{05F4D27E-4D18-4665-926C-59C6FABAAC0A}.Release|iPhoneSimulator.ActiveCfg = Release|iPhoneSimulator
		{05F4D27E-4D18-4665-926C-59C6FABAAC0A}.Release|iPhoneSimulator.Build.0 = Release|iPhoneSimulator
		{05F4D27E-4D18-4665-926C-59C6FABAAC0A}.Debug|iPhone.ActiveCfg = Debug|iPhone
		{05F4D27E-4D18-4665-926C-59C6FABAAC0A}.Debug|iPhone.Build.0 = Debug|iPhone
		{05F4D27E-4D18-4665-926C-59C6FABAAC0A}.Release|iPhone.ActiveCfg = Release|iPhone
		{05F4D27E-4D18-4665-926C-59C6FABAAC0A}.Release|iPhone.Build.0 = Release|iPhone
		{51D56B70-69FA-4773-AFF6-C15CBB5E869C}.Debug|Any CPU.ActiveCfg = Debug|Any CPU
		{51D56B70-69FA-4773-AFF6-C15CBB5E869C}.Debug|Any CPU.Build.0 = Debug|Any CPU
		{51D56B70-69FA-4773-AFF6-C15CBB5E869C}.Release|Any CPU.ActiveCfg = Release|Any CPU
		{51D56B70-69FA-4773-AFF6-C15CBB5E869C}.Release|Any CPU.Build.0 = Release|Any CPU
		{51D56B70-69FA-4773-AFF6-C15CBB5E869C}.Debug|iPhoneSimulator.ActiveCfg = Debug|Any CPU
		{51D56B70-69FA-4773-AFF6-C15CBB5E869C}.Debug|iPhoneSimulator.Build.0 = Debug|Any CPU
		{51D56B70-69FA-4773-AFF6-C15CBB5E869C}.Release|iPhoneSimulator.ActiveCfg = Release|Any CPU
		{51D56B70-69FA-4773-AFF6-C15CBB5E869C}.Release|iPhoneSimulator.Build.0 = Release|Any CPU
		{51D56B70-69FA-4773-AFF6-C15CBB5E869C}.Debug|iPhone.ActiveCfg = Debug|Any CPU
		{51D56B70-69FA-4773-AFF6-C15CBB5E869C}.Debug|iPhone.Build.0 = Debug|Any CPU
		{51D56B70-69FA-4773-AFF6-C15CBB5E869C}.Release|iPhone.ActiveCfg = Release|Any CPU
		{51D56B70-69FA-4773-AFF6-C15CBB5E869C}.Release|iPhone.Build.0 = Release|Any CPU
	EndGlobalSection
EndGlobal
